
Microsoft Visual Studio Solution File, Format Version 12.00
# Visual Studio Version 16
VisualStudioVersion = 16.0.29613.14
MinimumVisualStudioVersion = 10.0.40219.1
Project("{FAE04EC0-301F-11D3-BF4B-00C04F79EFBC}") = "webService-challenge", "webService-challenge\webService-challenge.csproj", "{E012B833-37C2-4592-961C-2C5A2D72D1C7}"
EndProject
Project("{FAE04EC0-301F-11D3-BF4B-00C04F79EFBC}") = "ClassLibraryTest", "webServiceTEST\ClassLibraryTest.csproj", "{7B765CF0-EA6A-42A6-88C6-6B91C4A0E20D}"
EndProject
Project("{FAE04EC0-301F-11D3-BF4B-00C04F79EFBC}") = "ClassLibrary", "ClassLibrary\ClassLibrary.csproj", "{176D0D22-296B-4800-8726-EA41CB0739FE}"
EndProject
Project("{FAE04EC0-301F-11D3-BF4B-00C04F79EFBC}") = "WindowsFormsApp1", "WindowsFormsApp1\WindowsFormsApp1.csproj", "{A551108E-227B-4353-AB58-A368A9275D01}"
EndProject
Global
	GlobalSection(SolutionConfigurationPlatforms) = preSolution
		Debug|Any CPU = Debug|Any CPU
		Release|Any CPU = Release|Any CPU
	EndGlobalSection
	GlobalSection(ProjectConfigurationPlatforms) = postSolution
		{E012B833-37C2-4592-961C-2C5A2D72D1C7}.Debug|Any CPU.ActiveCfg = Debug|Any CPU
		{E012B833-37C2-4592-961C-2C5A2D72D1C7}.Debug|Any CPU.Build.0 = Debug|Any CPU
		{E012B833-37C2-4592-961C-2C5A2D72D1C7}.Release|Any CPU.ActiveCfg = Release|Any CPU
		{E012B833-37C2-4592-961C-2C5A2D72D1C7}.Release|Any CPU.Build.0 = Release|Any CPU
		{7B765CF0-EA6A-42A6-88C6-6B91C4A0E20D}.Debug|Any CPU.ActiveCfg = Debug|Any CPU
		{7B765CF0-EA6A-42A6-88C6-6B91C4A0E20D}.Debug|Any CPU.Build.0 = Debug|Any CPU
		{7B765CF0-EA6A-42A6-88C6-6B91C4A0E20D}.Release|Any CPU.ActiveCfg = Release|Any CPU
		{7B765CF0-EA6A-42A6-88C6-6B91C4A0E20D}.Release|Any CPU.Build.0 = Release|Any CPU
		{176D0D22-296B-4800-8726-EA41CB0739FE}.Debug|Any CPU.ActiveCfg = Debug|Any CPU
		{176D0D22-296B-4800-8726-EA41CB0739FE}.Debug|Any CPU.Build.0 = Debug|Any CPU
		{176D0D22-296B-4800-8726-EA41CB0739FE}.Release|Any CPU.ActiveCfg = Release|Any CPU
		{176D0D22-296B-4800-8726-EA41CB0739FE}.Release|Any CPU.Build.0 = Release|Any CPU
		{A551108E-227B-4353-AB58-A368A9275D01}.Debug|Any CPU.ActiveCfg = Debug|Any CPU
		{A551108E-227B-4353-AB58-A368A9275D01}.Debug|Any CPU.Build.0 = Debug|Any CPU
		{A551108E-227B-4353-AB58-A368A9275D01}.Release|Any CPU.ActiveCfg = Release|Any CPU
		{A551108E-227B-4353-AB58-A368A9275D01}.Release|Any CPU.Build.0 = Release|Any CPU
	EndGlobalSection
	GlobalSection(SolutionProperties) = preSolution
		HideSolutionNode = FALSE
	EndGlobalSection
	GlobalSection(ExtensibilityGlobals) = postSolution
		SolutionGuid = {39FADB29-704A-43A3-B42C-136F1B85C9BC}
	EndGlobalSection
EndGlobal
